
Microsoft Visual Studio Solution File, Format Version 12.00
# Visual Studio Version 17
VisualStudioVersion = 17.7.34018.315
MinimumVisualStudioVersion = 10.0.40219.1
Project("{FAE04EC0-301F-11D3-BF4B-00C04F79EFBC}") = "Exercicio2", "Exercicio2.csproj", "{A9ED5221-35DB-48A1-B751-01288C5D4ADF}"
EndProject
Global
	GlobalSection(SolutionConfigurationPlatforms) = preSolution
		Debug|Any CPU = Debug|Any CPU
		Release|Any CPU = Release|Any CPU
	EndGlobalSection
	GlobalSection(ProjectConfigurationPlatforms) = postSolution
		{A9ED5221-35DB-48A1-B751-01288C5D4ADF}.Debug|Any CPU.ActiveCfg = Debug|Any CPU
		{A9ED5221-35DB-48A1-B751-01288C5D4ADF}.Debug|Any CPU.Build.0 = Debug|Any CPU
		{A9ED5221-35DB-48A1-B751-01288C5D4ADF}.Release|Any CPU.ActiveCfg = Release|Any CPU
		{A9ED5221-35DB-48A1-B751-01288C5D4ADF}.Release|Any CPU.Build.0 = Release|Any CPU
	EndGlobalSection
	GlobalSection(SolutionProperties) = preSolution
		HideSolutionNode = FALSE
	EndGlobalSection
	GlobalSection(ExtensibilityGlobals) = postSolution
		SolutionGuid = {57A934FD-FE0A-4EAC-9156-B4B5958EB64C}
	EndGlobalSection
EndGlobal
