
Microsoft Visual Studio Solution File, Format Version 12.00
# Visual Studio Version 17
VisualStudioVersion = 17.7.34018.315
MinimumVisualStudioVersion = 10.0.40219.1
Project("{FAE04EC0-301F-11D3-BF4B-00C04F79EFBC}") = "Lista", "Lista.csproj", "{AA20B4E1-9A7E-4CE6-BFB6-8057B6DCD8F9}"
EndProject
Global
	GlobalSection(SolutionConfigurationPlatforms) = preSolution
		Debug|Any CPU = Debug|Any CPU
		Release|Any CPU = Release|Any CPU
	EndGlobalSection
	GlobalSection(ProjectConfigurationPlatforms) = postSolution
		{AA20B4E1-9A7E-4CE6-BFB6-8057B6DCD8F9}.Debug|Any CPU.ActiveCfg = Debug|Any CPU
		{AA20B4E1-9A7E-4CE6-BFB6-8057B6DCD8F9}.Debug|Any CPU.Build.0 = Debug|Any CPU
		{AA20B4E1-9A7E-4CE6-BFB6-8057B6DCD8F9}.Release|Any CPU.ActiveCfg = Release|Any CPU
		{AA20B4E1-9A7E-4CE6-BFB6-8057B6DCD8F9}.Release|Any CPU.Build.0 = Release|Any CPU
	EndGlobalSection
	GlobalSection(SolutionProperties) = preSolution
		HideSolutionNode = FALSE
	EndGlobalSection
	GlobalSection(ExtensibilityGlobals) = postSolution
		SolutionGuid = {351F63E7-3BAE-428E-A53B-A6F6D43D83BF}
	EndGlobalSection
EndGlobal
