
Microsoft Visual Studio Solution File, Format Version 12.00
# Visual Studio Version 17
VisualStudioVersion = 17.7.34024.191
MinimumVisualStudioVersion = 10.0.40219.1
Project("{FAE04EC0-301F-11D3-BF4B-00C04F79EFBC}") = "Exercicio01", "Exercicio01.csproj", "{82CCD49D-6868-470F-8BB6-2128D4A5AC5C}"
EndProject
Project("{FAE04EC0-301F-11D3-BF4B-00C04F79EFBC}") = "Exercicio03", "..\Exercicio02\Exercicio03.csproj", "{C1161FF8-0785-4D77-A068-7E7E50AE3455}"
EndProject
Global
	GlobalSection(SolutionConfigurationPlatforms) = preSolution
		Debug|Any CPU = Debug|Any CPU
		Release|Any CPU = Release|Any CPU
	EndGlobalSection
	GlobalSection(ProjectConfigurationPlatforms) = postSolution
		{82CCD49D-6868-470F-8BB6-2128D4A5AC5C}.Debug|Any CPU.ActiveCfg = Debug|Any CPU
		{82CCD49D-6868-470F-8BB6-2128D4A5AC5C}.Debug|Any CPU.Build.0 = Debug|Any CPU
		{82CCD49D-6868-470F-8BB6-2128D4A5AC5C}.Release|Any CPU.ActiveCfg = Release|Any CPU
		{82CCD49D-6868-470F-8BB6-2128D4A5AC5C}.Release|Any CPU.Build.0 = Release|Any CPU
		{C1161FF8-0785-4D77-A068-7E7E50AE3455}.Debug|Any CPU.ActiveCfg = Debug|Any CPU
		{C1161FF8-0785-4D77-A068-7E7E50AE3455}.Debug|Any CPU.Build.0 = Debug|Any CPU
		{C1161FF8-0785-4D77-A068-7E7E50AE3455}.Release|Any CPU.ActiveCfg = Release|Any CPU
		{C1161FF8-0785-4D77-A068-7E7E50AE3455}.Release|Any CPU.Build.0 = Release|Any CPU
	EndGlobalSection
	GlobalSection(SolutionProperties) = preSolution
		HideSolutionNode = FALSE
	EndGlobalSection
	GlobalSection(ExtensibilityGlobals) = postSolution
		SolutionGuid = {B13C9EB4-53C3-47C1-B978-136B5E8D04B9}
	EndGlobalSection
EndGlobal
