
Microsoft Visual Studio Solution File, Format Version 12.00
# Visual Studio Version 17
VisualStudioVersion = 17.7.34009.444
MinimumVisualStudioVersion = 10.0.40219.1
Project("{FAE04EC0-301F-11D3-BF4B-00C04F79EFBC}") = "Calculadora", "Calculadora.csproj", "{736E7495-A3D0-4321-9205-3DE4F08B831F}"
EndProject
Project("{FAE04EC0-301F-11D3-BF4B-00C04F79EFBC}") = "Operadores", "..\Operadores\Operadores.csproj", "{E654133D-138D-4F15-B475-93E8AD4E942C}"
EndProject
Global
	GlobalSection(SolutionConfigurationPlatforms) = preSolution
		Debug|Any CPU = Debug|Any CPU
		Release|Any CPU = Release|Any CPU
	EndGlobalSection
	GlobalSection(ProjectConfigurationPlatforms) = postSolution
		{736E7495-A3D0-4321-9205-3DE4F08B831F}.Debug|Any CPU.ActiveCfg = Debug|Any CPU
		{736E7495-A3D0-4321-9205-3DE4F08B831F}.Debug|Any CPU.Build.0 = Debug|Any CPU
		{736E7495-A3D0-4321-9205-3DE4F08B831F}.Release|Any CPU.ActiveCfg = Release|Any CPU
		{736E7495-A3D0-4321-9205-3DE4F08B831F}.Release|Any CPU.Build.0 = Release|Any CPU
		{E654133D-138D-4F15-B475-93E8AD4E942C}.Debug|Any CPU.ActiveCfg = Debug|Any CPU
		{E654133D-138D-4F15-B475-93E8AD4E942C}.Debug|Any CPU.Build.0 = Debug|Any CPU
		{E654133D-138D-4F15-B475-93E8AD4E942C}.Release|Any CPU.ActiveCfg = Release|Any CPU
		{E654133D-138D-4F15-B475-93E8AD4E942C}.Release|Any CPU.Build.0 = Release|Any CPU
	EndGlobalSection
	GlobalSection(SolutionProperties) = preSolution
		HideSolutionNode = FALSE
	EndGlobalSection
	GlobalSection(ExtensibilityGlobals) = postSolution
		SolutionGuid = {18E865BF-8D6C-433D-BFCE-840C94AB303F}
	EndGlobalSection
EndGlobal
