
Microsoft Visual Studio Solution File, Format Version 12.00
# Visual Studio Version 17
VisualStudioVersion = 17.7.34024.191
MinimumVisualStudioVersion = 10.0.40219.1
Project("{FAE04EC0-301F-11D3-BF4B-00C04F79EFBC}") = "Transportes", "Transportes.csproj", "{B324E648-572C-40BF-92C9-A3A282E7F543}"
EndProject
Global
	GlobalSection(SolutionConfigurationPlatforms) = preSolution
		Debug|Any CPU = Debug|Any CPU
		Release|Any CPU = Release|Any CPU
	EndGlobalSection
	GlobalSection(ProjectConfigurationPlatforms) = postSolution
		{B324E648-572C-40BF-92C9-A3A282E7F543}.Debug|Any CPU.ActiveCfg = Debug|Any CPU
		{B324E648-572C-40BF-92C9-A3A282E7F543}.Debug|Any CPU.Build.0 = Debug|Any CPU
		{B324E648-572C-40BF-92C9-A3A282E7F543}.Release|Any CPU.ActiveCfg = Release|Any CPU
		{B324E648-572C-40BF-92C9-A3A282E7F543}.Release|Any CPU.Build.0 = Release|Any CPU
	EndGlobalSection
	GlobalSection(SolutionProperties) = preSolution
		HideSolutionNode = FALSE
	EndGlobalSection
	GlobalSection(ExtensibilityGlobals) = postSolution
		SolutionGuid = {902495C0-1131-4014-A77D-5357ECBDF73E}
	EndGlobalSection
EndGlobal
